
Microsoft Visual Studio Solution File, Format Version 12.00
# Visual Studio Version 17
VisualStudioVersion = 17.11.35327.3
MinimumVisualStudioVersion = 10.0.40219.1
Project("{FAE04EC0-301F-11D3-BF4B-00C04F79EFBC}") = "Test", "test\Test.csproj", "{6AA4AF98-4C44-4D11-BD19-768CA8C79A07}"
EndProject
Global
	GlobalSection(SolutionConfigurationPlatforms) = preSolution
		Debug|Any CPU = Debug|Any CPU
		Release|Any CPU = Release|Any CPU
	EndGlobalSection
	GlobalSection(ProjectConfigurationPlatforms) = postSolution
		{6AA4AF98-4C44-4D11-BD19-768CA8C79A07}.Debug|Any CPU.ActiveCfg = Debug|Any CPU
		{6AA4AF98-4C44-4D11-BD19-768CA8C79A07}.Debug|Any CPU.Build.0 = Debug|Any CPU
		{6AA4AF98-4C44-4D11-BD19-768CA8C79A07}.Release|Any CPU.ActiveCfg = Release|Any CPU
		{6AA4AF98-4C44-4D11-BD19-768CA8C79A07}.Release|Any CPU.Build.0 = Release|Any CPU
	EndGlobalSection
	GlobalSection(SolutionProperties) = preSolution
		HideSolutionNode = FALSE
	EndGlobalSection
	GlobalSection(ExtensibilityGlobals) = postSolution
		SolutionGuid = {ADDE2E46-B099-4EFA-A2C3-574F62DFAD06}
	EndGlobalSection
EndGlobal
